Microsoft Visual Studio Solution File, Format Version 12.00
# Visual Studio Version 17
VisualStudioVersion = 17.5.2.0
MinimumVisualStudioVersion = 10.0.40219.1
Project("{FAE04EC0-301F-11D3-BF4B-00C04F79EFBC}") = "item21", "item21.csproj", "{5CC94AD6-FBB3-D8AE-41DD-EC5D3415F86A}"
EndProject
Global
	GlobalSection(SolutionConfigurationPlatforms) = preSolution
		Debug|Any CPU = Debug|Any CPU
		Release|Any CPU = Release|Any CPU
	EndGlobalSection
	GlobalSection(ProjectConfigurationPlatforms) = postSolution
		{5CC94AD6-FBB3-D8AE-41DD-EC5D3415F86A}.Debug|Any CPU.ActiveCfg = Debug|Any CPU
		{5CC94AD6-FBB3-D8AE-41DD-EC5D3415F86A}.Debug|Any CPU.Build.0 = Debug|Any CPU
		{5CC94AD6-FBB3-D8AE-41DD-EC5D3415F86A}.Release|Any CPU.ActiveCfg = Release|Any CPU
		{5CC94AD6-FBB3-D8AE-41DD-EC5D3415F86A}.Release|Any CPU.Build.0 = Release|Any CPU
	EndGlobalSection
	GlobalSection(SolutionProperties) = preSolution
		HideSolutionNode = FALSE
	EndGlobalSection
	GlobalSection(ExtensibilityGlobals) = postSolution
		SolutionGuid = {45793BAE-A6F8-446C-A95B-D10BB19C0A14}
	EndGlobalSection
EndGlobal
