Microsoft Visual Studio Solution File, Format Version 12.00
# Visual Studio Version 17
VisualStudioVersion = 17.5.2.0
MinimumVisualStudioVersion = 10.0.40219.1
Project("{FAE04EC0-301F-11D3-BF4B-00C04F79EFBC}") = "item2", "item2.csproj", "{06E35F7F-015A-1B3A-244B-73D61EEBC8EE}"
EndProject
Global
	GlobalSection(SolutionConfigurationPlatforms) = preSolution
		Debug|Any CPU = Debug|Any CPU
		Release|Any CPU = Release|Any CPU
	EndGlobalSection
	GlobalSection(ProjectConfigurationPlatforms) = postSolution
		{06E35F7F-015A-1B3A-244B-73D61EEBC8EE}.Debug|Any CPU.ActiveCfg = Debug|Any CPU
		{06E35F7F-015A-1B3A-244B-73D61EEBC8EE}.Debug|Any CPU.Build.0 = Debug|Any CPU
		{06E35F7F-015A-1B3A-244B-73D61EEBC8EE}.Release|Any CPU.ActiveCfg = Release|Any CPU
		{06E35F7F-015A-1B3A-244B-73D61EEBC8EE}.Release|Any CPU.Build.0 = Release|Any CPU
	EndGlobalSection
	GlobalSection(SolutionProperties) = preSolution
		HideSolutionNode = FALSE
	EndGlobalSection
	GlobalSection(ExtensibilityGlobals) = postSolution
		SolutionGuid = {CBBCE4F7-5F1A-4D05-868A-5500531FBF1F}
	EndGlobalSection
EndGlobal
