Microsoft Visual Studio Solution File, Format Version 12.00
# Visual Studio Version 17
VisualStudioVersion = 17.5.2.0
MinimumVisualStudioVersion = 10.0.40219.1
Project("{FAE04EC0-301F-11D3-BF4B-00C04F79EFBC}") = "UsefulValues", "UsefulValues.csproj", "{423AEB04-5F81-4A6C-9C28-B69ECD5910BE}"
EndProject
Global
	GlobalSection(SolutionConfigurationPlatforms) = preSolution
		Debug|Any CPU = Debug|Any CPU
		Release|Any CPU = Release|Any CPU
	EndGlobalSection
	GlobalSection(ProjectConfigurationPlatforms) = postSolution
		{423AEB04-5F81-4A6C-9C28-B69ECD5910BE}.Debug|Any CPU.ActiveCfg = Debug|Any CPU
		{423AEB04-5F81-4A6C-9C28-B69ECD5910BE}.Debug|Any CPU.Build.0 = Debug|Any CPU
		{423AEB04-5F81-4A6C-9C28-B69ECD5910BE}.Release|Any CPU.ActiveCfg = Release|Any CPU
		{423AEB04-5F81-4A6C-9C28-B69ECD5910BE}.Release|Any CPU.Build.0 = Release|Any CPU
	EndGlobalSection
	GlobalSection(SolutionProperties) = preSolution
		HideSolutionNode = FALSE
	EndGlobalSection
	GlobalSection(ExtensibilityGlobals) = postSolution
		SolutionGuid = {746A9345-F6E9-4807-8527-FE6D3640D3D1}
	EndGlobalSection
EndGlobal
